
Microsoft Visual Studio Solution File, Format Version 12.00
# Visual Studio Version 16
VisualStudioVersion = 16.0.32228.343
MinimumVisualStudioVersion = 10.0.40219.1
Project("{9A19103F-16F7-4668-BE54-9A1E7A4F7556}") = "TestWebApp", "TestWebApp\TestWebApp.csproj", "{C089B47A-A6EE-469C-B655-2DBFD7C692D0}"
EndProject
Global
	GlobalSection(SolutionConfigurationPlatforms) = preSolution
		Debug|Any CPU = Debug|Any CPU
		Release|Any CPU = Release|Any CPU
	EndGlobalSection
	GlobalSection(ProjectConfigurationPlatforms) = postSolution
		{C089B47A-A6EE-469C-B655-2DBFD7C692D0}.Debug|Any CPU.ActiveCfg = Debug|Any CPU
		{C089B47A-A6EE-469C-B655-2DBFD7C692D0}.Debug|Any CPU.Build.0 = Debug|Any CPU
		{C089B47A-A6EE-469C-B655-2DBFD7C692D0}.Release|Any CPU.ActiveCfg = Release|Any CPU
		{C089B47A-A6EE-469C-B655-2DBFD7C692D0}.Release|Any CPU.Build.0 = Release|Any CPU
	EndGlobalSection
	GlobalSection(SolutionProperties) = preSolution
		HideSolutionNode = FALSE
	EndGlobalSection
	GlobalSection(ExtensibilityGlobals) = postSolution
		SolutionGuid = {708155DA-7D50-444F-A37A-2398538EEC68}
	EndGlobalSection
EndGlobal
